{
  "name": "birthday-card-gesture",
  "version": "1.0.0",
  "lockfileVersion": 3,
  "requires": true,
  "packages": {
    "": {
      "name": "birthday-card-gesture",
      "version": "1.0.0",
      "license": "ISC",
      "dependencies": {
        "@mediapipe/camera_utils": "^0.3.1675466862",
        "@mediapipe/hands": "^0.4.1675469240",
        "canvas-confetti": "^1.9.4",
        "howler": "^2.2.4",
        "three": "^0.185.1"
      }
    },
    "node_modules/@mediapipe/camera_utils": {
      "version": "0.3.1675466862",
      "resolved": "https://artifactory.release.ctripcorp.com/artifactory/api/npm/trip-npm-prod/@mediapipe/camera_utils/-/camera_utils-0.3.1675466862.tgz",
      "integrity": "sha512-siuXBoUxWo9WL0MeAxIxvxY04bvbtdNl7uCxoJxiAiRtNnCYrurr7Vl5VYQ94P7Sq0gVq6PxIDhWWeZ/pLnSzw==",
      "license": "Apache-2.0"
    },
    "node_modules/@mediapipe/hands": {
      "version": "0.4.1675469240",
      "resolved": "https://artifactory.release.ctripcorp.com/artifactory/api/npm/trip-npm-prod/@mediapipe/hands/-/hands-0.4.1675469240.tgz",
      "integrity": "sha512-GxoZvL1mmhJxFxjuyj7vnC++JIuInGznHBin5c7ZSq/RbcnGyfEcJrkM/bMu5K1Mz/2Ko+vEX6/+wewmEHPrHg==",
      "license": "Apache-2.0"
    },
    "node_modules/canvas-confetti": {
      "version": "1.9.4",
      "resolved": "https://artifactory.release.ctripcorp.com/artifactory/api/npm/trip-npm-prod/canvas-confetti/-/canvas-confetti-1.9.4.tgz",
      "integrity": "sha512-yxQbJkAVrFXWNbTUjPqjF7G+g6pDotOUHGbkZq2NELZUMDpiJ85rIEazVb8GTaAptNW2miJAXbs1BtioA251Pw==",
      "license": "ISC",
      "funding": {
        "type": "donate",
        "url": "https://www.paypal.me/kirilvatev"
      }
    },
    "node_modules/howler": {
      "version": "2.2.4",
      "resolved": "https://artifactory.release.ctripcorp.com/artifactory/api/npm/trip-npm-prod/howler/-/howler-2.2.4.tgz",
      "integrity": "sha512-iARIBPgcQrwtEr+tALF+rapJ8qSc+Set2GJQl7xT1MQzWaVkFebdJhR3alVlSiUf5U7nAANKuj3aWpwerocD5w==",
      "license": "MIT"
    },
    "node_modules/three": {
      "version": "0.185.1",
      "resolved": "https://artifactory.release.ctripcorp.com/artifactory/api/npm/trip-npm-prod/three/-/three-0.185.1.tgz",
      "integrity": "sha512-5aojFCXKwnjBRZvUnt3WFfEcvUJgkN5LlijRFN95hMy8WVkG4I0QNcJE+OuWvuJ0bOdStrbfXn0pkd6/QyiAlg==",
      "license": "MIT"
    }
  }
}
